
Microsoft Visual Studio Solution File, Format Version 12.00
# Visual Studio Version 17
VisualStudioVersion = 17.6.33815.320
MinimumVisualStudioVersion = 10.0.40219.1
Project("{FAE04EC0-301F-11D3-BF4B-00C04F79EFBC}") = "HOT4", "HOT4\HOT4.csproj", "{21AA2622-638B-4DFA-8497-F2C98A4A88D2}"
EndProject
Global
	GlobalSection(SolutionConfigurationPlatforms) = preSolution
		Debug|Any CPU = Debug|Any CPU
		Release|Any CPU = Release|Any CPU
	EndGlobalSection
	GlobalSection(ProjectConfigurationPlatforms) = postSolution
		{21AA2622-638B-4DFA-8497-F2C98A4A88D2}.Debug|Any CPU.ActiveCfg = Debug|Any CPU
		{21AA2622-638B-4DFA-8497-F2C98A4A88D2}.Debug|Any CPU.Build.0 = Debug|Any CPU
		{21AA2622-638B-4DFA-8497-F2C98A4A88D2}.Release|Any CPU.ActiveCfg = Release|Any CPU
		{21AA2622-638B-4DFA-8497-F2C98A4A88D2}.Release|Any CPU.Build.0 = Release|Any CPU
	EndGlobalSection
	GlobalSection(SolutionProperties) = preSolution
		HideSolutionNode = FALSE
	EndGlobalSection
	GlobalSection(ExtensibilityGlobals) = postSolution
		SolutionGuid = {584B1B8B-C1D0-4CE1-9A95-0076CED1F117}
	EndGlobalSection
EndGlobal
